// !$*UTF8*$!
{
	archiveVersion = 1;
	classes = {
	};
	objectVersion = 46;
	objects = {

/* Begin PBXBuildFile section */
		08016ADE1623BD310038E698 /* CBToolkit.framework in Frameworks */ = {isa = PBXBuildFile; fileRef = 08016ADD1623BD310038E698 /* CBToolkit.framework */; };
		08AA648616084B0500FDD06E /* AppDelegate.m in Sources */ = {isa = PBXBuildFile; fileRef = 08AA646716084B0500FDD06E /* AppDelegate.m */; };
		08AA649616084B0500FDD06E /* LoginViewController.m in Sources */ = {isa = PBXBuildFile; fileRef = 08AA647B16084B0500FDD06E /* LoginViewController.m */; };
		08AA649716084B0500FDD06E /* LoginViewController.xib in Resources */ = {isa = PBXBuildFile; fileRef = 08AA647C16084B0500FDD06E /* LoginViewController.xib */; };
		08AA649F16084B0500FDD06E /* ViewController.m in Sources */ = {isa = PBXBuildFile; fileRef = 08AA648516084B0500FDD06E /* ViewController.m */; };
		08AA64B316084B4500FDD06E /* blue_normal.png in Resources */ = {isa = PBXBuildFile; fileRef = 08AA64A316084B4500FDD06E /* blue_normal.png */; };
		08AA64B416084B4500FDD06E /* blue_normal@2x.png in Resources */ = {isa = PBXBuildFile; fileRef = 08AA64A416084B4500FDD06E /* blue_normal@2x.png */; };
		08AA64B516084B4500FDD06E /* blue_pressed.png in Resources */ = {isa = PBXBuildFile; fileRef = 08AA64A516084B4500FDD06E /* blue_pressed.png */; };
		08AA64B616084B4500FDD06E /* blue_pressed@2x.png in Resources */ = {isa = PBXBuildFile; fileRef = 08AA64A616084B4500FDD06E /* blue_pressed@2x.png */; };
		08AA64B716084B4500FDD06E /* grey_normal.png in Resources */ = {isa = PBXBuildFile; fileRef = 08AA64A716084B4500FDD06E /* grey_normal.png */; };
		08AA64B816084B4500FDD06E /* grey_normal@2x.png in Resources */ = {isa = PBXBuildFile; fileRef = 08AA64A816084B4500FDD06E /* grey_normal@2x.png */; };
		08AA64B916084B4500FDD06E /* grey_pressed.png in Resources */ = {isa = PBXBuildFile; fileRef = 08AA64A916084B4500FDD06E /* grey_pressed.png */; };
		08AA64BA16084B4500FDD06E /* grey_pressed@2x.png in Resources */ = {isa = PBXBuildFile; fileRef = 08AA64AA16084B4500FDD06E /* grey_pressed@2x.png */; };
		08AA64BB16084B4500FDD06E /* orange_normal.png in Resources */ = {isa = PBXBuildFile; fileRef = 08AA64AB16084B4500FDD06E /* orange_normal.png */; };
		08AA64BC16084B4500FDD06E /* orange_normal@2x.png in Resources */ = {isa = PBXBuildFile; fileRef = 08AA64AC16084B4500FDD06E /* orange_normal@2x.png */; };
		08AA64BD16084B4500FDD06E /* orange_pressed.png in Resources */ = {isa = PBXBuildFile; fileRef = 08AA64AD16084B4500FDD06E /* orange_pressed.png */; };
		08AA64BE16084B4500FDD06E /* orange_pressed@2x.png in Resources */ = {isa = PBXBuildFile; fileRef = 08AA64AE16084B4500FDD06E /* orange_pressed@2x.png */; };
		08AA64D816084BD600FDD06E /* main.m in Sources */ = {isa = PBXBuildFile; fileRef = 08AA64D016084BD600FDD06E /* main.m */; };
		08AA64D916084BD600FDD06E /* InfoPlist.strings in Resources */ = {isa = PBXBuildFile; fileRef = 08AA64D316084BD600FDD06E /* InfoPlist.strings */; };
		08AA64DA16084BD600FDD06E /* ViewController.xib in Resources */ = {isa = PBXBuildFile; fileRef = 08AA64D516084BD600FDD06E /* ViewController.xib */; };
		08AA64DB16084BD600FDD06E /* HelloKii-Info.plist in Resources */ = {isa = PBXBuildFile; fileRef = 08AA64D716084BD600FDD06E /* HelloKii-Info.plist */; };
		08AB2C801623F62C003A1C66 /* KiiSDK.framework in Frameworks */ = {isa = PBXBuildFile; fileRef = 08AB2C7F1623F62C003A1C66 /* KiiSDK.framework */; };
		08D0353D15FEF448000042FB /* UIKit.framework in Frameworks */ = {isa = PBXBuildFile; fileRef = 08D0353C15FEF448000042FB /* UIKit.framework */; };
		08D0353F15FEF448000042FB /* Foundation.framework in Frameworks */ = {isa = PBXBuildFile; fileRef = 08D0353E15FEF448000042FB /* Foundation.framework */; };
		08D0354115FEF448000042FB /* CoreGraphics.framework in Frameworks */ = {isa = PBXBuildFile; fileRef = 08D0354015FEF448000042FB /* CoreGraphics.framework */; };
		08D0356215FEF516000042FB /* MobileCoreServices.framework in Frameworks */ = {isa = PBXBuildFile; fileRef = 08D0356115FEF516000042FB /* MobileCoreServices.framework */; };
		08D035A415FF0474000042FB /* QuartzCore.framework in Frameworks */ = {isa = PBXBuildFile; fileRef = 08D035A315FF0474000042FB /* QuartzCore.framework */; };
/* End PBXBuildFile section */

/* Begin PBXFileReference section */
		08016ADD1623BD310038E698 /* CBToolkit.framework */ = {isa = PBXFileReference; lastKnownFileType = wrapper.framework; path = CBToolkit.framework; sourceTree = "<group>"; };
		08AA646616084B0500FDD06E /* AppDelegate.h */ = {isa = PBXFileReference; fileEncoding = 4; lastKnownFileType = sourcecode.c.h; path = AppDelegate.h; sourceTree = "<group>"; };
		08AA646716084B0500FDD06E /* AppDelegate.m */ = {isa = PBXFileReference; fileEncoding = 4; lastKnownFileType = sourcecode.c.objc; path = AppDelegate.m; sourceTree = "<group>"; };
		08AA647A16084B0500FDD06E /* LoginViewController.h */ = {isa = PBXFileReference; fileEncoding = 4; lastKnownFileType = sourcecode.c.h; path = LoginViewController.h; sourceTree = "<group>"; };
		08AA647B16084B0500FDD06E /* LoginViewController.m */ = {isa = PBXFileReference; fileEncoding = 4; lastKnownFileType = sourcecode.c.objc; path = LoginViewController.m; sourceTree = "<group>"; };
		08AA647C16084B0500FDD06E /* LoginViewController.xib */ = {isa = PBXFileReference; fileEncoding = 4; lastKnownFileType = file.xib; path = LoginViewController.xib; sourceTree = "<group>"; };
		08AA648416084B0500FDD06E /* ViewController.h */ = {isa = PBXFileReference; fileEncoding = 4; lastKnownFileType = sourcecode.c.h; path = ViewController.h; sourceTree = "<group>"; };
		08AA648516084B0500FDD06E /* ViewController.m */ = {isa = PBXFileReference; fileEncoding = 4; lastKnownFileType = sourcecode.c.objc; path = ViewController.m; sourceTree = "<group>"; };
		08AA64A316084B4500FDD06E /* blue_normal.png */ = {isa = PBXFileReference; lastKnownFileType = image.png; name = blue_normal.png; path = images/blue_normal.png; sourceTree = "<group>"; };
		08AA64A416084B4500FDD06E /* blue_normal@2x.png */ = {isa = PBXFileReference; lastKnownFileType = image.png; name = "blue_normal@2x.png"; path = "images/blue_normal@2x.png"; sourceTree = "<group>"; };
		08AA64A516084B4500FDD06E /* blue_pressed.png */ = {isa = PBXFileReference; lastKnownFileType = image.png; name = blue_pressed.png; path = images/blue_pressed.png; sourceTree = "<group>"; };
		08AA64A616084B4500FDD06E /* blue_pressed@2x.png */ = {isa = PBXFileReference; lastKnownFileType = image.png; name = "blue_pressed@2x.png"; path = "images/blue_pressed@2x.png"; sourceTree = "<group>"; };
		08AA64A716084B4500FDD06E /* grey_normal.png */ = {isa = PBXFileReference; lastKnownFileType = image.png; name = grey_normal.png; path = images/grey_normal.png; sourceTree = "<group>"; };
		08AA64A816084B4500FDD06E /* grey_normal@2x.png */ = {isa = PBXFileReference; lastKnownFileType = image.png; name = "grey_normal@2x.png"; path = "images/grey_normal@2x.png"; sourceTree = "<group>"; };
		08AA64A916084B4500FDD06E /* grey_pressed.png */ = {isa = PBXFileReference; lastKnownFileType = image.png; name = grey_pressed.png; path = images/grey_pressed.png; sourceTree = "<group>"; };
		08AA64AA16084B4500FDD06E /* grey_pressed@2x.png */ = {isa = PBXFileReference; lastKnownFileType = image.png; name = "grey_pressed@2x.png"; path = "images/grey_pressed@2x.png"; sourceTree = "<group>"; };
		08AA64AB16084B4500FDD06E /* orange_normal.png */ = {isa = PBXFileReference; lastKnownFileType = image.png; name = orange_normal.png; path = images/orange_normal.png; sourceTree = "<group>"; };
		08AA64AC16084B4500FDD06E /* orange_normal@2x.png */ = {isa = PBXFileReference; lastKnownFileType = image.png; name = "orange_normal@2x.png"; path = "images/orange_normal@2x.png"; sourceTree = "<group>"; };
		08AA64AD16084B4500FDD06E /* orange_pressed.png */ = {isa = PBXFileReference; lastKnownFileType = image.png; name = orange_pressed.png; path = images/orange_pressed.png; sourceTree = "<group>"; };
		08AA64AE16084B4500FDD06E /* orange_pressed@2x.png */ = {isa = PBXFileReference; lastKnownFileType = image.png; name = "orange_pressed@2x.png"; path = "images/orange_pressed@2x.png"; sourceTree = "<group>"; };
		08AA64D016084BD600FDD06E /* main.m */ = {isa = PBXFileReference; fileEncoding = 4; lastKnownFileType = sourcecode.c.objc; path = main.m; sourceTree = "<group>"; };
		08AA64D116084BD600FDD06E /* HelloKii-Prefix.pch */ = {isa = PBXFileReference; fileEncoding = 4; lastKnownFileType = sourcecode.c.h; path = "HelloKii-Prefix.pch"; sourceTree = "<group>"; };
		08AA64D416084BD600FDD06E /* en */ = {isa = PBXFileReference; lastKnownFileType = text.plist.strings; name = en; path = InfoPlist.strings; sourceTree = "<group>"; };
		08AA64D616084BD600FDD06E /* en */ = {isa = PBXFileReference; lastKnownFileType = file.xib; name = en; path = ViewController.xib; sourceTree = "<group>"; };
		08AA64D716084BD600FDD06E /* HelloKii-Info.plist */ = {isa = PBXFileReference; fileEncoding = 4; lastKnownFileType = text.plist.xml; path = "HelloKii-Info.plist"; sourceTree = "<group>"; };
		08AB2C7F1623F62C003A1C66 /* KiiSDK.framework */ = {isa = PBXFileReference; lastKnownFileType = wrapper.framework; path = KiiSDK.framework; sourceTree = "<group>"; };
		08D0353815FEF448000042FB /* HelloKii.app */ = {isa = PBXFileReference; explicitFileType = wrapper.application; includeInIndex = 0; path = HelloKii.app; sourceTree = BUILT_PRODUCTS_DIR; };
		08D0353C15FEF448000042FB /* UIKit.framework */ = {isa = PBXFileReference; lastKnownFileType = wrapper.framework; name = UIKit.framework; path = System/Library/Frameworks/UIKit.framework; sourceTree = SDKROOT; };
		08D0353E15FEF448000042FB /* Foundation.framework */ = {isa = PBXFileReference; lastKnownFileType = wrapper.framework; name = Foundation.framework; path = System/Library/Frameworks/Foundation.framework; sourceTree = SDKROOT; };
		08D0354015FEF448000042FB /* CoreGraphics.framework */ = {isa = PBXFileReference; lastKnownFileType = wrapper.framework; name = CoreGraphics.framework; path = System/Library/Frameworks/CoreGraphics.framework; sourceTree = SDKROOT; };
		08D0356115FEF516000042FB /* MobileCoreServices.framework */ = {isa = PBXFileReference; lastKnownFileType = wrapper.framework; name = MobileCoreServices.framework; path = System/Library/Frameworks/MobileCoreServices.framework; sourceTree = SDKROOT; };
		08D035A315FF0474000042FB /* QuartzCore.framework */ = {isa = PBXFileReference; lastKnownFileType = wrapper.framework; name = QuartzCore.framework; path = System/Library/Frameworks/QuartzCore.framework; sourceTree = SDKROOT; };
/* End PBXFileReference section */

/* Begin PBXFrameworksBuildPhase section */
		08D0353515FEF448000042FB /* Frameworks */ = {
			isa = PBXFrameworksBuildPhase;
			buildActionMask = 2147483647;
			files = (
				08D0356215FEF516000042FB /* MobileCoreServices.framework in Frameworks */,
				08D0353D15FEF448000042FB /* UIKit.framework in Frameworks */,
				08D035A415FF0474000042FB /* QuartzCore.framework in Frameworks */,
				08D0353F15FEF448000042FB /* Foundation.framework in Frameworks */,
				08D0354115FEF448000042FB /* CoreGraphics.framework in Frameworks */,
				08016ADE1623BD310038E698 /* CBToolkit.framework in Frameworks */,
				08AB2C801623F62C003A1C66 /* KiiSDK.framework in Frameworks */,
			);
			runOnlyForDeploymentPostprocessing = 0;
		};
/* End PBXFrameworksBuildPhase section */

/* Begin PBXGroup section */
		08AA646516084B0500FDD06E /* HelloKii */ = {
			isa = PBXGroup;
			children = (
				08AA64CF16084BCA00FDD06E /* Supporting Files */,
				08AA64A016084B3B00FDD06E /* images */,
				08AA646616084B0500FDD06E /* AppDelegate.h */,
				08AA646716084B0500FDD06E /* AppDelegate.m */,
				08AA647A16084B0500FDD06E /* LoginViewController.h */,
				08AA647B16084B0500FDD06E /* LoginViewController.m */,
				08AA647C16084B0500FDD06E /* LoginViewController.xib */,
				08AA648416084B0500FDD06E /* ViewController.h */,
				08AA648516084B0500FDD06E /* ViewController.m */,
			);
			path = HelloKii;
			sourceTree = "<group>";
		};
		08AA64A016084B3B00FDD06E /* images */ = {
			isa = PBXGroup;
			children = (
				08AA64A316084B4500FDD06E /* blue_normal.png */,
				08AA64A416084B4500FDD06E /* blue_normal@2x.png */,
				08AA64A516084B4500FDD06E /* blue_pressed.png */,
				08AA64A616084B4500FDD06E /* blue_pressed@2x.png */,
				08AA64A716084B4500FDD06E /* grey_normal.png */,
				08AA64A816084B4500FDD06E /* grey_normal@2x.png */,
				08AA64A916084B4500FDD06E /* grey_pressed.png */,
				08AA64AA16084B4500FDD06E /* grey_pressed@2x.png */,
				08AA64AB16084B4500FDD06E /* orange_normal.png */,
				08AA64AC16084B4500FDD06E /* orange_normal@2x.png */,
				08AA64AD16084B4500FDD06E /* orange_pressed.png */,
				08AA64AE16084B4500FDD06E /* orange_pressed@2x.png */,
			);
			name = images;
			sourceTree = "<group>";
		};
		08AA64CF16084BCA00FDD06E /* Supporting Files */ = {
			isa = PBXGroup;
			children = (
				08AA64D016084BD600FDD06E /* main.m */,
				08AA64D116084BD600FDD06E /* HelloKii-Prefix.pch */,
				08AA64D216084BD600FDD06E /* en.lproj */,
				08AA64D716084BD600FDD06E /* HelloKii-Info.plist */,
			);
			name = "Supporting Files";
			sourceTree = "<group>";
		};
		08AA64D216084BD600FDD06E /* en.lproj */ = {
			isa = PBXGroup;
			children = (
				08AA64D316084BD600FDD06E /* InfoPlist.strings */,
				08AA64D516084BD600FDD06E /* ViewController.xib */,
			);
			path = en.lproj;
			sourceTree = "<group>";
		};
		08D0352D15FEF448000042FB = {
			isa = PBXGroup;
			children = (
				08AA646516084B0500FDD06E /* HelloKii */,
				08D0353B15FEF448000042FB /* Frameworks */,
				08D0353915FEF448000042FB /* Products */,
			);
			sourceTree = "<group>";
		};
		08D0353915FEF448000042FB /* Products */ = {
			isa = PBXGroup;
			children = (
				08D0353815FEF448000042FB /* HelloKii.app */,
			);
			name = Products;
			sourceTree = "<group>";
		};
		08D0353B15FEF448000042FB /* Frameworks */ = {
			isa = PBXGroup;
			children = (
				08AB2C7F1623F62C003A1C66 /* KiiSDK.framework */,
				08016ADD1623BD310038E698 /* CBToolkit.framework */,
				08D035A315FF0474000042FB /* QuartzCore.framework */,
				08D0356115FEF516000042FB /* MobileCoreServices.framework */,
				08D0353C15FEF448000042FB /* UIKit.framework */,
				08D0353E15FEF448000042FB /* Foundation.framework */,
				08D0354015FEF448000042FB /* CoreGraphics.framework */,
			);
			name = Frameworks;
			sourceTree = "<group>";
		};
/* End PBXGroup section */

/* Begin PBXNativeTarget section */
		08D0353715FEF448000042FB /* HelloKii */ = {
			isa = PBXNativeTarget;
			buildConfigurationList = 08D0355615FEF449000042FB /* Build configuration list for PBXNativeTarget "HelloKii" */;
			buildPhases = (
				08D0353415FEF448000042FB /* Sources */,
				08D0353515FEF448000042FB /* Frameworks */,
				08D0353615FEF448000042FB /* Resources */,
			);
			buildRules = (
			);
			dependencies = (
			);
			name = HelloKii;
			productName = KiiWorld;
			productReference = 08D0353815FEF448000042FB /* HelloKii.app */;
			productType = "com.apple.product-type.application";
		};
/* End PBXNativeTarget section */

/* Begin PBXProject section */
		08D0352F15FEF448000042FB /* Project object */ = {
			isa = PBXProject;
			attributes = {
				LastUpgradeCheck = 0440;
				ORGANIZATIONNAME = Kii;
			};
			buildConfigurationList = 08D0353215FEF448000042FB /* Build configuration list for PBXProject "HelloKii" */;
			compatibilityVersion = "Xcode 3.2";
			developmentRegion = English;
			hasScannedForEncodings = 0;
			knownRegions = (
				en,
			);
			mainGroup = 08D0352D15FEF448000042FB;
			productRefGroup = 08D0353915FEF448000042FB /* Products */;
			projectDirPath = "";
			projectRoot = "";
			targets = (
				08D0353715FEF448000042FB /* HelloKii */,
			);
		};
/* End PBXProject section */

/* Begin PBXResourcesBuildPhase section */
		08D0353615FEF448000042FB /* Resources */ = {
			isa = PBXResourcesBuildPhase;
			buildActionMask = 2147483647;
			files = (
				08AA649716084B0500FDD06E /* LoginViewController.xib in Resources */,
				08AA64B316084B4500FDD06E /* blue_normal.png in Resources */,
				08AA64B416084B4500FDD06E /* blue_normal@2x.png in Resources */,
				08AA64B516084B4500FDD06E /* blue_pressed.png in Resources */,
				08AA64B616084B4500FDD06E /* blue_pressed@2x.png in Resources */,
				08AA64B716084B4500FDD06E /* grey_normal.png in Resources */,
				08AA64B816084B4500FDD06E /* grey_normal@2x.png in Resources */,
				08AA64B916084B4500FDD06E /* grey_pressed.png in Resources */,
				08AA64BA16084B4500FDD06E /* grey_pressed@2x.png in Resources */,
				08AA64BB16084B4500FDD06E /* orange_normal.png in Resources */,
				08AA64BC16084B4500FDD06E /* orange_normal@2x.png in Resources */,
				08AA64BD16084B4500FDD06E /* orange_pressed.png in Resources */,
				08AA64BE16084B4500FDD06E /* orange_pressed@2x.png in Resources */,
				08AA64D916084BD600FDD06E /* InfoPlist.strings in Resources */,
				08AA64DA16084BD600FDD06E /* ViewController.xib in Resources */,
				08AA64DB16084BD600FDD06E /* HelloKii-Info.plist in Resources */,
			);
			runOnlyForDeploymentPostprocessing = 0;
		};
/* End PBXResourcesBuildPhase section */

/* Begin PBXSourcesBuildPhase section */
		08D0353415FEF448000042FB /* Sources */ = {
			isa = PBXSourcesBuildPhase;
			buildActionMask = 2147483647;
			files = (
				08AA648616084B0500FDD06E /* AppDelegate.m in Sources */,
				08AA649616084B0500FDD06E /* LoginViewController.m in Sources */,
				08AA649F16084B0500FDD06E /* ViewController.m in Sources */,
				08AA64D816084BD600FDD06E /* main.m in Sources */,
			);
			runOnlyForDeploymentPostprocessing = 0;
		};
/* End PBXSourcesBuildPhase section */

/* Begin PBXVariantGroup section */
		08AA64D316084BD600FDD06E /* InfoPlist.strings */ = {
			isa = PBXVariantGroup;
			children = (
				08AA64D416084BD600FDD06E /* en */,
			);
			name = InfoPlist.strings;
			sourceTree = "<group>";
		};
		08AA64D516084BD600FDD06E /* ViewController.xib */ = {
			isa = PBXVariantGroup;
			children = (
				08AA64D616084BD600FDD06E /* en */,
			);
			name = ViewController.xib;
			sourceTree = "<group>";
		};
/* End PBXVariantGroup section */

/* Begin XCBuildConfiguration section */
		08D0355415FEF449000042FB /* Debug */ = {
			isa = XCBuildConfiguration;
			buildSettings = {
				ALWAYS_SEARCH_USER_PATHS = NO;
				ARCHS = "$(ARCHS_STANDARD_32_BIT)";
				CLANG_CXX_LANGUAGE_STANDARD = "gnu++0x";
				CLANG_ENABLE_OBJC_ARC = YES;
				CLANG_WARN__DUPLICATE_METHOD_MATCH = YES;
				"CODE_SIGN_IDENTITY[sdk=iphoneos*]" = "iPhone Developer";
				COPY_PHASE_STRIP = NO;
				GCC_C_LANGUAGE_STANDARD = gnu99;
				GCC_DYNAMIC_NO_PIC = NO;
				GCC_OPTIMIZATION_LEVEL = 0;
				GCC_PREPROCESSOR_DEFINITIONS = (
					"DEBUG=1",
					"$(inherited)",
				);
				GCC_SYMBOLS_PRIVATE_EXTERN = NO;
				GCC_VERSION = com.apple.compilers.llvm.clang.1_0;
				GCC_WARN_ABOUT_RETURN_TYPE = YES;
				GCC_WARN_UNINITIALIZED_AUTOS = YES;
				GCC_WARN_UNUSED_VARIABLE = YES;
				IPHONEOS_DEPLOYMENT_TARGET = 5.1;
				SDKROOT = iphoneos;
			};
			name = Debug;
		};
		08D0355515FEF449000042FB /* Release */ = {
			isa = XCBuildConfiguration;
			buildSettings = {
				ALWAYS_SEARCH_USER_PATHS = NO;
				ARCHS = "$(ARCHS_STANDARD_32_BIT)";
				CLANG_CXX_LANGUAGE_STANDARD = "gnu++0x";
				CLANG_ENABLE_OBJC_ARC = YES;
				CLANG_WARN__DUPLICATE_METHOD_MATCH = YES;
				"CODE_SIGN_IDENTITY[sdk=iphoneos*]" = "iPhone Developer";
				COPY_PHASE_STRIP = YES;
				GCC_C_LANGUAGE_STANDARD = gnu99;
				GCC_VERSION = com.apple.compilers.llvm.clang.1_0;
				GCC_WARN_ABOUT_RETURN_TYPE = YES;
				GCC_WARN_UNINITIALIZED_AUTOS = YES;
				GCC_WARN_UNUSED_VARIABLE = YES;
				IPHONEOS_DEPLOYMENT_TARGET = 5.1;
				OTHER_CFLAGS = "-DNS_BLOCK_ASSERTIONS=1";
				SDKROOT = iphoneos;
				VALIDATE_PRODUCT = YES;
			};
			name = Release;
		};
		08D0355715FEF449000042FB /* Debug */ = {
			isa = XCBuildConfiguration;
			buildSettings = {
				ALWAYS_SEARCH_USER_PATHS = NO;
				FRAMEWORK_SEARCH_PATHS = (
					"$(inherited)",
					"\"$(SRCROOT)\"",
					"\"$(SRCROOT)/HelloKii\"",
				);
				GCC_PRECOMPILE_PREFIX_HEADER = YES;
				GCC_PREFIX_HEADER = "HelloKii/HelloKii-Prefix.pch";
				HEADER_SEARCH_PATHS = "";
				INFOPLIST_FILE = "HelloKii/HelloKii-Info.plist";
				OTHER_LDFLAGS = "-ObjC";
				PRODUCT_NAME = HelloKii;
				USER_HEADER_SEARCH_PATHS = "";
				WRAPPER_EXTENSION = app;
			};
			name = Debug;
		};
		08D0355815FEF449000042FB /* Release */ = {
			isa = XCBuildConfiguration;
			buildSettings = {
				ALWAYS_SEARCH_USER_PATHS = NO;
				FRAMEWORK_SEARCH_PATHS = (
					"$(inherited)",
					"\"$(SRCROOT)\"",
					"\"$(SRCROOT)/HelloKii\"",
				);
				GCC_PRECOMPILE_PREFIX_HEADER = YES;
				GCC_PREFIX_HEADER = "HelloKii/HelloKii-Prefix.pch";
				HEADER_SEARCH_PATHS = "";
				INFOPLIST_FILE = "HelloKii/HelloKii-Info.plist";
				OTHER_LDFLAGS = "-ObjC";
				PRODUCT_NAME = HelloKii;
				USER_HEADER_SEARCH_PATHS = "";
				WRAPPER_EXTENSION = app;
			};
			name = Release;
		};
/* End XCBuildConfiguration section */

/* Begin XCConfigurationList section */
		08D0353215FEF448000042FB /* Build configuration list for PBXProject "HelloKii" */ = {
			isa = XCConfigurationList;
			buildConfigurations = (
				08D0355415FEF449000042FB /* Debug */,
				08D0355515FEF449000042FB /* Release */,
			);
			defaultConfigurationIsVisible = 0;
			defaultConfigurationName = Release;
		};
		08D0355615FEF449000042FB /* Build configuration list for PBXNativeTarget "HelloKii" */ = {
			isa = XCConfigurationList;
			buildConfigurations = (
				08D0355715FEF449000042FB /* Debug */,
				08D0355815FEF449000042FB /* Release */,
			);
			defaultConfigurationIsVisible = 0;
			defaultConfigurationName = Release;
		};
/* End XCConfigurationList section */
	};
	rootObject = 08D0352F15FEF448000042FB /* Project object */;
}
